
Microsoft Visual Studio Solution File, Format Version 12.00
# Visual Studio Version 17
VisualStudioVersion = 17.9.34728.123
MinimumVisualStudioVersion = 10.0.40219.1
Project("{FAE04EC0-301F-11D3-BF4B-00C04F79EFBC}") = "SchoolAppSQL", "SchoolAppSQL\SchoolAppSQL.csproj", "{AC1C3643-45F4-4A33-98FE-E41974751B47}"
EndProject
Global
	GlobalSection(SolutionConfigurationPlatforms) = preSolution
		Debug|Any CPU = Debug|Any CPU
		Release|Any CPU = Release|Any CPU
	EndGlobalSection
	GlobalSection(ProjectConfigurationPlatforms) = postSolution
		{AC1C3643-45F4-4A33-98FE-E41974751B47}.Debug|Any CPU.ActiveCfg = Debug|Any CPU
		{AC1C3643-45F4-4A33-98FE-E41974751B47}.Debug|Any CPU.Build.0 = Debug|Any CPU
		{AC1C3643-45F4-4A33-98FE-E41974751B47}.Release|Any CPU.ActiveCfg = Release|Any CPU
		{AC1C3643-45F4-4A33-98FE-E41974751B47}.Release|Any CPU.Build.0 = Release|Any CPU
	EndGlobalSection
	GlobalSection(SolutionProperties) = preSolution
		HideSolutionNode = FALSE
	EndGlobalSection
	GlobalSection(ExtensibilityGlobals) = postSolution
		SolutionGuid = {4785E739-637B-4D9D-AD4A-E3814B67FE3A}
	EndGlobalSection
EndGlobal
